// !$*UTF8*$!
{
	archiveVersion = 1;
	classes = {
	};
	objectVersion = 50;
	objects = {

/* Begin PBXBuildFile section */
		0B513F29276CCB4700366863 /* SelectorNoticiasViewController.swift in Sources */ = {isa = PBXBuildFile; fileRef = 0B513F28276CCB4700366863 /* SelectorNoticiasViewController.swift */; };
		0B93D80327673A730097012F /* AppDelegate.swift in Sources */ = {isa = PBXBuildFile; fileRef = 0B93D80227673A730097012F /* AppDelegate.swift */; };
		0B93D80527673A730097012F /* SceneDelegate.swift in Sources */ = {isa = PBXBuildFile; fileRef = 0B93D80427673A730097012F /* SceneDelegate.swift */; };
		0B93D80727673A730097012F /* ViewController.swift in Sources */ = {isa = PBXBuildFile; fileRef = 0B93D80627673A730097012F /* ViewController.swift */; };
		0B93D80A27673A730097012F /* Main.storyboard in Resources */ = {isa = PBXBuildFile; fileRef = 0B93D80827673A730097012F /* Main.storyboard */; };
		0B93D80C27673A740097012F /* Assets.xcassets in Resources */ = {isa = PBXBuildFile; fileRef = 0B93D80B27673A740097012F /* Assets.xcassets */; };
		0B93D80F27673A740097012F /* LaunchScreen.storyboard in Resources */ = {isa = PBXBuildFile; fileRef = 0B93D80D27673A740097012F /* LaunchScreen.storyboard */; };
		0B93D81727673AB00097012F /* dato.swift in Sources */ = {isa = PBXBuildFile; fileRef = 0B93D81627673AB00097012F /* dato.swift */; };
		0B93D81B27673BED0097012F /* TableViewControllerPosts.swift in Sources */ = {isa = PBXBuildFile; fileRef = 0B93D81A27673BED0097012F /* TableViewControllerPosts.swift */; };
/* End PBXBuildFile section */

/* Begin PBXFileReference section */
		0B513F28276CCB4700366863 /* SelectorNoticiasViewController.swift */ = {isa = PBXFileReference; lastKnownFileType = sourcecode.swift; path = SelectorNoticiasViewController.swift; sourceTree = "<group>"; };
		0B93D7FF27673A730097012F /* TareaIOS1TRIM.app */ = {isa = PBXFileReference; explicitFileType = wrapper.application; includeInIndex = 0; path = TareaIOS1TRIM.app; sourceTree = BUILT_PRODUCTS_DIR; };
		0B93D80227673A730097012F /* AppDelegate.swift */ = {isa = PBXFileReference; lastKnownFileType = sourcecode.swift; path = AppDelegate.swift; sourceTree = "<group>"; };
		0B93D80427673A730097012F /* SceneDelegate.swift */ = {isa = PBXFileReference; lastKnownFileType = sourcecode.swift; path = SceneDelegate.swift; sourceTree = "<group>"; };
		0B93D80627673A730097012F /* ViewController.swift */ = {isa = PBXFileReference; lastKnownFileType = sourcecode.swift; path = ViewController.swift; sourceTree = "<group>"; };
		0B93D80927673A730097012F /* Base */ = {isa = PBXFileReference; lastKnownFileType = file.storyboard; name = Base; path = Base.lproj/Main.storyboard; sourceTree = "<group>"; };
		0B93D80B27673A740097012F /* Assets.xcassets */ = {isa = PBXFileReference; lastKnownFileType = folder.assetcatalog; path = Assets.xcassets; sourceTree = "<group>"; };
		0B93D80E27673A740097012F /* Base */ = {isa = PBXFileReference; lastKnownFileType = file.storyboard; name = Base; path = Base.lproj/LaunchScreen.storyboard; sourceTree = "<group>"; };
		0B93D81027673A740097012F /* Info.plist */ = {isa = PBXFileReference; lastKnownFileType = text.plist.xml; path = Info.plist; sourceTree = "<group>"; };
		0B93D81627673AB00097012F /* dato.swift */ = {isa = PBXFileReference; lastKnownFileType = sourcecode.swift; path = dato.swift; sourceTree = "<group>"; };
		0B93D81A27673BED0097012F /* TableViewControllerPosts.swift */ = {isa = PBXFileReference; lastKnownFileType = sourcecode.swift; path = TableViewControllerPosts.swift; sourceTree = "<group>"; };
/* End PBXFileReference section */

/* Begin PBXFrameworksBuildPhase section */
		0B93D7FC27673A720097012F /* Frameworks */ = {
			isa = PBXFrameworksBuildPhase;
			buildActionMask = 2147483647;
			files = (
			);
			runOnlyForDeploymentPostprocessing = 0;
		};
/* End PBXFrameworksBuildPhase section */

/* Begin PBXGroup section */
		0B93D7F627673A720097012F = {
			isa = PBXGroup;
			children = (
				0B93D80127673A730097012F /* EjemploEstructuras */,
				0B93D80027673A730097012F /* Products */,
			);
			sourceTree = "<group>";
		};
		0B93D80027673A730097012F /* Products */ = {
			isa = PBXGroup;
			children = (
				0B93D7FF27673A730097012F /* TareaIOS1TRIM.app */,
			);
			name = Products;
			sourceTree = "<group>";
		};
		0B93D80127673A730097012F /* EjemploEstructuras */ = {
			isa = PBXGroup;
			children = (
				0B93D81627673AB00097012F /* dato.swift */,
				0B93D80227673A730097012F /* AppDelegate.swift */,
				0B93D80427673A730097012F /* SceneDelegate.swift */,
				0B93D80627673A730097012F /* ViewController.swift */,
				0B93D80827673A730097012F /* Main.storyboard */,
				0B513F28276CCB4700366863 /* SelectorNoticiasViewController.swift */,
				0B93D81A27673BED0097012F /* TableViewControllerPosts.swift */,
				0B93D80B27673A740097012F /* Assets.xcassets */,
				0B93D80D27673A740097012F /* LaunchScreen.storyboard */,
				0B93D81027673A740097012F /* Info.plist */,
			);
			path = EjemploEstructuras;
			sourceTree = "<group>";
		};
/* End PBXGroup section */

/* Begin PBXNativeTarget section */
		0B93D7FE27673A720097012F /* TareaIOS1TRIM */ = {
			isa = PBXNativeTarget;
			buildConfigurationList = 0B93D81327673A740097012F /* Build configuration list for PBXNativeTarget "TareaIOS1TRIM" */;
			buildPhases = (
				0B93D7FB27673A720097012F /* Sources */,
				0B93D7FC27673A720097012F /* Frameworks */,
				0B93D7FD27673A720097012F /* Resources */,
			);
			buildRules = (
			);
			dependencies = (
			);
			name = TareaIOS1TRIM;
			productName = EjemploEstructuras;
			productReference = 0B93D7FF27673A730097012F /* TareaIOS1TRIM.app */;
			productType = "com.apple.product-type.application";
		};
/* End PBXNativeTarget section */

/* Begin PBXProject section */
		0B93D7F727673A720097012F /* Project object */ = {
			isa = PBXProject;
			attributes = {
				LastSwiftUpdateCheck = 1250;
				LastUpgradeCheck = 1250;
				TargetAttributes = {
					0B93D7FE27673A720097012F = {
						CreatedOnToolsVersion = 12.5.1;
					};
				};
			};
			buildConfigurationList = 0B93D7FA27673A720097012F /* Build configuration list for PBXProject "TareaIOS1TRIM" */;
			compatibilityVersion = "Xcode 9.3";
			developmentRegion = en;
			hasScannedForEncodings = 0;
			knownRegions = (
				en,
				Base,
			);
			mainGroup = 0B93D7F627673A720097012F;
			productRefGroup = 0B93D80027673A730097012F /* Products */;
			projectDirPath = "";
			projectRoot = "";
			targets = (
				0B93D7FE27673A720097012F /* TareaIOS1TRIM */,
			);
		};
/* End PBXProject section */

/* Begin PBXResourcesBuildPhase section */
		0B93D7FD27673A720097012F /* Resources */ = {
			isa = PBXResourcesBuildPhase;
			buildActionMask = 2147483647;
			files = (
				0B93D80F27673A740097012F /* LaunchScreen.storyboard in Resources */,
				0B93D80C27673A740097012F /* Assets.xcassets in Resources */,
				0B93D80A27673A730097012F /* Main.storyboard in Resources */,
			);
			runOnlyForDeploymentPostprocessing = 0;
		};
/* End PBXResourcesBuildPhase section */

/* Begin PBXSourcesBuildPhase section */
		0B93D7FB27673A720097012F /* Sources */ = {
			isa = PBXSourcesBuildPhase;
			buildActionMask = 2147483647;
			files = (
				0B93D80727673A730097012F /* ViewController.swift in Sources */,
				0B513F29276CCB4700366863 /* SelectorNoticiasViewController.swift in Sources */,
				0B93D81727673AB00097012F /* dato.swift in Sources */,
				0B93D80327673A730097012F /* AppDelegate.swift in Sources */,
				0B93D80527673A730097012F /* SceneDelegate.swift in Sources */,
				0B93D81B27673BED0097012F /* TableViewControllerPosts.swift in Sources */,
			);
			runOnlyForDeploymentPostprocessing = 0;
		};
/* End PBXSourcesBuildPhase section */

/* Begin PBXVariantGroup section */
		0B93D80827673A730097012F /* Main.storyboard */ = {
			isa = PBXVariantGroup;
			children = (
				0B93D80927673A730097012F /* Base */,
			);
			name = Main.storyboard;
			sourceTree = "<group>";
		};
		0B93D80D27673A740097012F /* LaunchScreen.storyboard */ = {
			isa = PBXVariantGroup;
			children = (
				0B93D80E27673A740097012F /* Base */,
			);
			name = LaunchScreen.storyboard;
			sourceTree = "<group>";
		};
/* End PBXVariantGroup section */

/* Begin XCBuildConfiguration section */
		0B93D81127673A740097012F /* Debug */ = {
			isa = XCBuildConfiguration;
			buildSettings = {
				ALWAYS_SEARCH_USER_PATHS = NO;
				CLANG_ANALYZER_NONNULL = YES;
				CLANG_ANALYZER_NUMBER_OBJECT_CONVERSION = YES_AGGRESSIVE;
				CLANG_CXX_LANGUAGE_STANDARD = "gnu++14";
				CLANG_CXX_LIBRARY = "libc++";
				CLANG_ENABLE_MODULES = YES;
				CLANG_ENABLE_OBJC_ARC = YES;
				CLANG_ENABLE_OBJC_WEAK = YES;
				CLANG_WARN_BLOCK_CAPTURE_AUTORELEASING = YES;
				CLANG_WARN_BOOL_CONVERSION = YES;
				CLANG_WARN_COMMA = YES;
				CLANG_WARN_CONSTANT_CONVERSION = YES;
				CLANG_WARN_DEPRECATED_OBJC_IMPLEMENTATIONS = YES;
				CLANG_WARN_DIRECT_OBJC_ISA_USAGE = YES_ERROR;
				CLANG_WARN_DOCUMENTATION_COMMENTS = YES;
				CLANG_WARN_EMPTY_BODY = YES;
				CLANG_WARN_ENUM_CONVERSION = YES;
				CLANG_WARN_INFINITE_RECURSION = YES;
				CLANG_WARN_INT_CONVERSION = YES;
				CLANG_WARN_NON_LITERAL_NULL_CONVERSION = YES;
				CLANG_WARN_OBJC_IMPLICIT_RETAIN_SELF = YES;
				CLANG_WARN_OBJC_LITERAL_CONVERSION = YES;
				CLANG_WARN_OBJC_ROOT_CLASS = YES_ERROR;
				CLANG_WARN_QUOTED_INCLUDE_IN_FRAMEWORK_HEADER = YES;
				CLANG_WARN_RANGE_LOOP_ANALYSIS = YES;
				CLANG_WARN_STRICT_PROTOTYPES = YES;
				CLANG_WARN_SUSPICIOUS_MOVE = YES;
				CLANG_WARN_UNGUARDED_AVAILABILITY = YES_AGGRESSIVE;
				CLANG_WARN_UNREACHABLE_CODE = YES;
				CLANG_WARN__DUPLICATE_METHOD_MATCH = YES;
				COPY_PHASE_STRIP = NO;
				DEBUG_INFORMATION_FORMAT = dwarf;
				ENABLE_STRICT_OBJC_MSGSEND = YES;
				ENABLE_TESTABILITY = YES;
				GCC_C_LANGUAGE_STANDARD = gnu11;
				GCC_DYNAMIC_NO_PIC = NO;
				GCC_NO_COMMON_BLOCKS = YES;
				GCC_OPTIMIZATION_LEVEL = 0;
				GCC_PREPROCESSOR_DEFINITIONS = (
					"DEBUG=1",
					"$(inherited)",
				);
				GCC_WARN_64_TO_32_BIT_CONVERSION = YES;
				GCC_WARN_ABOUT_RETURN_TYPE = YES_ERROR;
				GCC_WARN_UNDECLARED_SELECTOR = YES;
				GCC_WARN_UNINITIALIZED_AUTOS = YES_AGGRESSIVE;
				GCC_WARN_UNUSED_FUNCTION = YES;
				GCC_WARN_UNUSED_VARIABLE = YES;
				IPHONEOS_DEPLOYMENT_TARGET = 14.5;
				MTL_ENABLE_DEBUG_INFO = INCLUDE_SOURCE;
				MTL_FAST_MATH = YES;
				ONLY_ACTIVE_ARCH = YES;
				SDKROOT = iphoneos;
				SWIFT_ACTIVE_COMPILATION_CONDITIONS = DEBUG;
				SWIFT_OPTIMIZATION_LEVEL = "-Onone";
			};
			name = Debug;
		};
		0B93D81227673A740097012F /* Release */ = {
			isa = XCBuildConfiguration;
			buildSettings = {
				ALWAYS_SEARCH_USER_PATHS = NO;
				CLANG_ANALYZER_NONNULL = YES;
				CLANG_ANALYZER_NUMBER_OBJECT_CONVERSION = YES_AGGRESSIVE;
				CLANG_CXX_LANGUAGE_STANDARD = "gnu++14";
				CLANG_CXX_LIBRARY = "libc++";
				CLANG_ENABLE_MODULES = YES;
				CLANG_ENABLE_OBJC_ARC = YES;
				CLANG_ENABLE_OBJC_WEAK = YES;
				CLANG_WARN_BLOCK_CAPTURE_AUTORELEASING = YES;
				CLANG_WARN_BOOL_CONVERSION = YES;
				CLANG_WARN_COMMA = YES;
				CLANG_WARN_CONSTANT_CONVERSION = YES;
				CLANG_WARN_DEPRECATED_OBJC_IMPLEMENTATIONS = YES;
				CLANG_WARN_DIRECT_OBJC_ISA_USAGE = YES_ERROR;
				CLANG_WARN_DOCUMENTATION_COMMENTS = YES;
				CLANG_WARN_EMPTY_BODY = YES;
				CLANG_WARN_ENUM_CONVERSION = YES;
				CLANG_WARN_INFINITE_RECURSION = YES;
				CLANG_WARN_INT_CONVERSION = YES;
				CLANG_WARN_NON_LITERAL_NULL_CONVERSION = YES;
				CLANG_WARN_OBJC_IMPLICIT_RETAIN_SELF = YES;
				CLANG_WARN_OBJC_LITERAL_CONVERSION = YES;
				CLANG_WARN_OBJC_ROOT_CLASS = YES_ERROR;
				CLANG_WARN_QUOTED_INCLUDE_IN_FRAMEWORK_HEADER = YES;
				CLANG_WARN_RANGE_LOOP_ANALYSIS = YES;
				CLANG_WARN_STRICT_PROTOTYPES = YES;
				CLANG_WARN_SUSPICIOUS_MOVE = YES;
				CLANG_WARN_UNGUARDED_AVAILABILITY = YES_AGGRESSIVE;
				CLANG_WARN_UNREACHABLE_CODE = YES;
				CLANG_WARN__DUPLICATE_METHOD_MATCH = YES;
				COPY_PHASE_STRIP = NO;
				DEBUG_INFORMATION_FORMAT = "dwarf-with-dsym";
				ENABLE_NS_ASSERTIONS = NO;
				ENABLE_STRICT_OBJC_MSGSEND = YES;
				GCC_C_LANGUAGE_STANDARD = gnu11;
				GCC_NO_COMMON_BLOCKS = YES;
				GCC_WARN_64_TO_32_BIT_CONVERSION = YES;
				GCC_WARN_ABOUT_RETURN_TYPE = YES_ERROR;
				GCC_WARN_UNDECLARED_SELECTOR = YES;
				GCC_WARN_UNINITIALIZED_AUTOS = YES_AGGRESSIVE;
				GCC_WARN_UNUSED_FUNCTION = YES;
				GCC_WARN_UNUSED_VARIABLE = YES;
				IPHONEOS_DEPLOYMENT_TARGET = 14.5;
				MTL_ENABLE_DEBUG_INFO = NO;
				MTL_FAST_MATH = YES;
				SDKROOT = iphoneos;
				SWIFT_COMPILATION_MODE = wholemodule;
				SWIFT_OPTIMIZATION_LEVEL = "-O";
				VALIDATE_PRODUCT = YES;
			};
			name = Release;
		};
		0B93D81427673A740097012F /* Debug */ = {
			isa = XCBuildConfiguration;
			buildSettings = {
				ASSETCATALOG_COMPILER_APPICON_NAME = AppIcon;
				ASSETCATALOG_COMPILER_GLOBAL_ACCENT_COLOR_NAME = AccentColor;
				CODE_SIGN_STYLE = Automatic;
				INFOPLIST_FILE = EjemploEstructuras/Info.plist;
				LD_RUNPATH_SEARCH_PATHS = (
					"$(inherited)",
					"@executable_path/Frameworks",
				);
				PRODUCT_BUNDLE_IDENTIFIER = com.angelblanco.EjemploEstructuras;
				PRODUCT_NAME = "$(TARGET_NAME)";
				SWIFT_VERSION = 5.0;
				TARGETED_DEVICE_FAMILY = "1,2";
			};
			name = Debug;
		};
		0B93D81527673A740097012F /* Release */ = {
			isa = XCBuildConfiguration;
			buildSettings = {
				ASSETCATALOG_COMPILER_APPICON_NAME = AppIcon;
				ASSETCATALOG_COMPILER_GLOBAL_ACCENT_COLOR_NAME = AccentColor;
				CODE_SIGN_STYLE = Automatic;
				INFOPLIST_FILE = EjemploEstructuras/Info.plist;
				LD_RUNPATH_SEARCH_PATHS = (
					"$(inherited)",
					"@executable_path/Frameworks",
				);
				PRODUCT_BUNDLE_IDENTIFIER = com.angelblanco.EjemploEstructuras;
				PRODUCT_NAME = "$(TARGET_NAME)";
				SWIFT_VERSION = 5.0;
				TARGETED_DEVICE_FAMILY = "1,2";
			};
			name = Release;
		};
/* End XCBuildConfiguration section */

/* Begin XCConfigurationList section */
		0B93D7FA27673A720097012F /* Build configuration list for PBXProject "TareaIOS1TRIM" */ = {
			isa = XCConfigurationList;
			buildConfigurations = (
				0B93D81127673A740097012F /* Debug */,
				0B93D81227673A740097012F /* Release */,
			);
			defaultConfigurationIsVisible = 0;
			defaultConfigurationName = Release;
		};
		0B93D81327673A740097012F /* Build configuration list for PBXNativeTarget "TareaIOS1TRIM" */ = {
			isa = XCConfigurationList;
			buildConfigurations = (
				0B93D81427673A740097012F /* Debug */,
				0B93D81527673A740097012F /* Release */,
			);
			defaultConfigurationIsVisible = 0;
			defaultConfigurationName = Release;
		};
/* End XCConfigurationList section */
	};
	rootObject = 0B93D7F727673A720097012F /* Project object */;
}
